<?xml version="1.0" encoding="utf-8"?>
<Project ToolsVersion="4.0" xmlns="http://schemas.microsoft.com/developer/msbuild/2003">
  <ItemGroup>
    <Filter Include="Source Files">
      <UniqueIdentifier>{4FC737F1-C7A5-4376-A066-2A32D752A2FF}</UniqueIdentifier>
      <Extensions>cpp;c;cc;cxx;def;odl;idl;hpj;bat;asm;asmx</Extensions>
    </Filter>
    <Filter Include="Header Files">
      <UniqueIdentifier>{93995380-89BD-4b04-88EB-625FBE52EBFB}</UniqueIdentifier>
      <Extensions>h;hh;hpp;hxx;hm;inl;inc;xsd</Extensions>
    </Filter>
    <Filter Include="Resource Files">
      <UniqueIdentifier>{67DA6AB6-F800-4c08-8B7A-83BB121AAD01}</UniqueIdentifier>
      <Extensions>rc;ico;cur;bmp;dlg;rc2;rct;bin;rgs;gif;jpg;jpeg;jpe;resx;tiff;tif;png;wav;mfcribbon-ms</Extensions>
    </Filter>
  </ItemGroup>
  <ItemGroup>
    <ClCompile Include="MainForm.cpp">
      <Filter>Source Files</Filter>
    </ClCompile>
    <ClCompile Include="Preprocessing.cpp">
      <Filter>Source Files</Filter>
    </ClCompile>
    <ClCompile Include="Blob.cpp">
      <Filter>Source Files</Filter>
    </ClCompile>
    <ClCompile Include="BlobCounter.cpp">
      <Filter>Source Files</Filter>
    </ClCompile>
    <ClCompile Include="BlobLabeling.cpp">
      <Filter>Source Files</Filter>
    </ClCompile>
    <ClCompile Include="BlobsBuild.cpp">
      <Filter>Source Files</Filter>
    </ClCompile>
    <ClCompile Include="Convexull.cpp">
      <Filter>Source Files</Filter>
    </ClCompile>
    <ClCompile Include="DILL.cpp">
      <Filter>Source Files</Filter>
    </ClCompile>
    <ClCompile Include="morfology.cpp">
      <Filter>Source Files</Filter>
    </ClCompile>
    <ClCompile Include="Multysort.cpp">
      <Filter>Source Files</Filter>
    </ClCompile>
    <ClCompile Include="Point2.cpp">
      <Filter>Source Files</Filter>
    </ClCompile>
    <ClCompile Include="SDLL.cpp">
      <Filter>Source Files</Filter>
    </ClCompile>
    <ClCompile Include="EDBForm.cpp">
      <Filter>Source Files</Filter>
    </ClCompile>
    <ClCompile Include="Recognition.cpp">
      <Filter>Source Files</Filter>
    </ClCompile>
  </ItemGroup>
  <ItemGroup>
    <ClInclude Include="MainForm.h">
      <Filter>Header Files</Filter>
    </ClInclude>
    <ClInclude Include="Preprocessing.h">
      <Filter>Header Files</Filter>
    </ClInclude>
    <ClInclude Include="Blob.h">
      <Filter>Header Files</Filter>
    </ClInclude>
    <ClInclude Include="BlobCounter.h">
      <Filter>Header Files</Filter>
    </ClInclude>
    <ClInclude Include="BlobLabeling.h">
      <Filter>Header Files</Filter>
    </ClInclude>
    <ClInclude Include="BlobsBuild.h">
      <Filter>Header Files</Filter>
    </ClInclude>
    <ClInclude Include="Convexull.h">
      <Filter>Header Files</Filter>
    </ClInclude>
    <ClInclude Include="DILL.h">
      <Filter>Header Files</Filter>
    </ClInclude>
    <ClInclude Include="morfology.h">
      <Filter>Header Files</Filter>
    </ClInclude>
    <ClInclude Include="Multysort.h">
      <Filter>Header Files</Filter>
    </ClInclude>
    <ClInclude Include="Point2.h">
      <Filter>Header Files</Filter>
    </ClInclude>
    <ClInclude Include="SDLL.h">
      <Filter>Header Files</Filter>
    </ClInclude>
    <ClInclude Include="EDBForm.h">
      <Filter>Header Files</Filter>
    </ClInclude>
    <ClInclude Include="Recognition.h">
      <Filter>Header Files</Filter>
    </ClInclude>
  </ItemGroup>
  <ItemGroup>
    <EmbeddedResource Include="MainForm.resx">
      <Filter>Resource Files</Filter>
    </EmbeddedResource>
    <EmbeddedResource Include="EDBForm.resx">
      <Filter>Resource Files</Filter>
    </EmbeddedResource>
  </ItemGroup>
</Project>